<?xml version="1.0" encoding="utf-8"?>
<Project ToolsVersion="4.0" xmlns="http://schemas.microsoft.com/developer/msbuild/2003">
  <ItemGroup>
    <Filter Include="Source Files">
      <UniqueIdentifier>{b348640c-a317-4a13-8a54-f0bb6184af01}</UniqueIdentifier>
      <Extensions>cpp;c;cxx;rc;def;r;odl;idl;hpj;bat</Extensions>
    </Filter>
    <Filter Include="Header Files">
      <UniqueIdentifier>{409577f2-1032-4edb-8284-d9c8bc079098}</UniqueIdentifier>
      <Extensions>h;hpp;hxx;hm;inl</Extensions>
    </Filter>
    <Filter Include="Resource Files">
      <UniqueIdentifier>{4767c36d-364f-4ded-854f-8d4fe38333da}</UniqueIdentifier>
      <Extensions>ico;cur;bmp;dlg;rc2;rct;bin;rgs;gif;jpg;jpeg;jpe</Extensions>
    </Filter>
  </ItemGroup>
  <ItemGroup>
    <ClCompile Include="anaFilter.cpp">
      <Filter>Source Files</Filter>
    </ClCompile>
    <ClCompile Include="constants.cpp">
      <Filter>Source Files</Filter>
    </ClCompile>
    <ClCompile Include="createCB.cpp">
      <Filter>Source Files</Filter>
    </ClCompile>
    <ClCompile Include="doCPLC.cpp">
      <Filter>Source Files</Filter>
    </ClCompile>
    <ClCompile Include="enhancer.cpp">
      <Filter>Source Files</Filter>
    </ClCompile>
    <ClCompile Include="filter.cpp">
      <Filter>Source Files</Filter>
    </ClCompile>
    <ClCompile Include="FrameClassify.cpp">
      <Filter>Source Files</Filter>
    </ClCompile>
    <ClCompile Include="gainquant.cpp">
      <Filter>Source Files</Filter>
    </ClCompile>
    <ClCompile Include="getCBvec.cpp">
      <Filter>Source Files</Filter>
    </ClCompile>
    <ClCompile Include="helpfun.cpp">
      <Filter>Source Files</Filter>
    </ClCompile>
    <ClCompile Include="hpInput.cpp">
      <Filter>Source Files</Filter>
    </ClCompile>
    <ClCompile Include="hpOutput.cpp">
      <Filter>Source Files</Filter>
    </ClCompile>
    <ClCompile Include="iCBConstruct.cpp">
      <Filter>Source Files</Filter>
    </ClCompile>
    <ClCompile Include="iCBSearch.cpp">
      <Filter>Source Files</Filter>
    </ClCompile>
    <ClCompile Include="ilbc.cpp">
      <Filter>Source Files</Filter>
    </ClCompile>
    <ClCompile Include="iLBC_decode.cpp">
      <Filter>Source Files</Filter>
    </ClCompile>
    <ClCompile Include="iLBC_encode.cpp">
      <Filter>Source Files</Filter>
    </ClCompile>
    <ClCompile Include="LPCdecode.cpp">
      <Filter>Source Files</Filter>
    </ClCompile>
    <ClCompile Include="LPCencode.cpp">
      <Filter>Source Files</Filter>
    </ClCompile>
    <ClCompile Include="lsf.cpp">
      <Filter>Source Files</Filter>
    </ClCompile>
    <ClCompile Include="packing.cpp">
      <Filter>Source Files</Filter>
    </ClCompile>
    <ClCompile Include="StateConstructW.cpp">
      <Filter>Source Files</Filter>
    </ClCompile>
    <ClCompile Include="StateSearchW.cpp">
      <Filter>Source Files</Filter>
    </ClCompile>
    <ClCompile Include="StdAfx.cpp">
      <Filter>Source Files</Filter>
    </ClCompile>
    <ClCompile Include="syntFilter.cpp">
      <Filter>Source Files</Filter>
    </ClCompile>
  </ItemGroup>
  <ItemGroup>
    <ClInclude Include="anaFilter.h">
      <Filter>Header Files</Filter>
    </ClInclude>
    <ClInclude Include="constants.h">
      <Filter>Header Files</Filter>
    </ClInclude>
    <ClInclude Include="createCB.h">
      <Filter>Header Files</Filter>
    </ClInclude>
    <ClInclude Include="doCPLC.h">
      <Filter>Header Files</Filter>
    </ClInclude>
    <ClInclude Include="enhancer.h">
      <Filter>Header Files</Filter>
    </ClInclude>
    <ClInclude Include="filter.h">
      <Filter>Header Files</Filter>
    </ClInclude>
    <ClInclude Include="FrameClassify.h">
      <Filter>Header Files</Filter>
    </ClInclude>
    <ClInclude Include="gainquant.h">
      <Filter>Header Files</Filter>
    </ClInclude>
    <ClInclude Include="getCBvec.h">
      <Filter>Header Files</Filter>
    </ClInclude>
    <ClInclude Include="helpfun.h">
      <Filter>Header Files</Filter>
    </ClInclude>
    <ClInclude Include="hpInput.h">
      <Filter>Header Files</Filter>
    </ClInclude>
    <ClInclude Include="hpOutput.h">
      <Filter>Header Files</Filter>
    </ClInclude>
    <ClInclude Include="iCBConstruct.h">
      <Filter>Header Files</Filter>
    </ClInclude>
    <ClInclude Include="iCBSearch.h">
      <Filter>Header Files</Filter>
    </ClInclude>
    <ClInclude Include="ilbc.h">
      <Filter>Header Files</Filter>
    </ClInclude>
    <ClInclude Include="iLBC_decode.h">
      <Filter>Header Files</Filter>
    </ClInclude>
    <ClInclude Include="iLBC_define.h">
      <Filter>Header Files</Filter>
    </ClInclude>
    <ClInclude Include="iLBC_encode.h">
      <Filter>Header Files</Filter>
    </ClInclude>
    <ClInclude Include="LPCdecode.h">
      <Filter>Header Files</Filter>
    </ClInclude>
    <ClInclude Include="LPCencode.h">
      <Filter>Header Files</Filter>
    </ClInclude>
    <ClInclude Include="lsf.h">
      <Filter>Header Files</Filter>
    </ClInclude>
    <ClInclude Include="packing.h">
      <Filter>Header Files</Filter>
    </ClInclude>
    <ClInclude Include="StateConstructW.h">
      <Filter>Header Files</Filter>
    </ClInclude>
    <ClInclude Include="StateSearchW.h">
      <Filter>Header Files</Filter>
    </ClInclude>
    <ClInclude Include="StdAfx.h">
      <Filter>Header Files</Filter>
    </ClInclude>
    <ClInclude Include="syntFilter.h">
      <Filter>Header Files</Filter>
    </ClInclude>
  </ItemGroup>
  <ItemGroup>
    <Text Include="ReadMe.txt" />
  </ItemGroup>
</Project>